{
  "name": "CAAS_App",
  "lockfileVersion": 3,
  "requires": true,
  "packages": {
    "": {
      "dependencies": {
        "htmx.org": "^2.0.6"
      }
    },
    "node_modules/htmx.org": {
      "version": "2.0.6",
      "resolved": "https://registry.npmjs.org/htmx.org/-/htmx.org-2.0.6.tgz",
      "integrity": "sha512-7ythjYneGSk3yCHgtCnQeaoF+D+o7U2LF37WU3O0JYv3gTZSicdEFiI/Ai/NJyC5ZpYJWMpUb11OC5Lr6AfAqA==",
      "license": "0BSD"
    }
  }
}
